Microsoft Visual Studio Solution File, Format Version 12.00
# Visual Studio Version 17
VisualStudioVersion = 17.5.2.0
MinimumVisualStudioVersion = 10.0.40219.1
Global
	GlobalSection(SolutionConfigurationPlatforms) = preSolution
		Debug|Any CPU = Debug|Any CPU
		Release|Any CPU = Release|Any CPU
	EndGlobalSection
	GlobalSection(ProjectConfigurationPlatforms) = postSolution
		{CBDAE7EB-B6EE-DD10-2E8B-3D415018138E}.Debug|Any CPU.ActiveCfg = Debug|Any CPU
		{CBDAE7EB-B6EE-DD10-2E8B-3D415018138E}.Debug|Any CPU.Build.0 = Debug|Any CPU
		{CBDAE7EB-B6EE-DD10-2E8B-3D415018138E}.Release|Any CPU.ActiveCfg = Release|Any CPU
		{CBDAE7EB-B6EE-DD10-2E8B-3D415018138E}.Release|Any CPU.Build.0 = Release|Any CPU
		{1DB9F34D-006F-2993-472B-1D394C620F3D}.Debug|Any CPU.ActiveCfg = Debug|Any CPU
		{1DB9F34D-006F-2993-472B-1D394C620F3D}.Debug|Any CPU.Build.0 = Debug|Any CPU
		{1DB9F34D-006F-2993-472B-1D394C620F3D}.Release|Any CPU.ActiveCfg = Release|Any CPU
		{1DB9F34D-006F-2993-472B-1D394C620F3D}.Release|Any CPU.Build.0 = Release|Any CPU
		{50CCEAD0-E4E9-ABE7-DA29-8CDD576CA098}.Debug|Any CPU.ActiveCfg = Debug|Any CPU
		{50CCEAD0-E4E9-ABE7-DA29-8CDD576CA098}.Debug|Any CPU.Build.0 = Debug|Any CPU
		{50CCEAD0-E4E9-ABE7-DA29-8CDD576CA098}.Release|Any CPU.ActiveCfg = Release|Any CPU
		{50CCEAD0-E4E9-ABE7-DA29-8CDD576CA098}.Release|Any CPU.Build.0 = Release|Any CPU
	EndGlobalSection
	GlobalSection(SolutionProperties) = preSolution
		HideSolutionNode = FALSE
	EndGlobalSection
	GlobalSection(NestedProjects) = preSolution
		{CBDAE7EB-B6EE-DD10-2E8B-3D415018138E} = {1AE8ACA6-933B-BF2A-3671-3E2EAC007D16}
		{1DB9F34D-006F-2993-472B-1D394C620F3D} = {1AE8ACA6-933B-BF2A-3671-3E2EAC007D16}
		{50CCEAD0-E4E9-ABE7-DA29-8CDD576CA098} = {1AE8ACA6-933B-BF2A-3671-3E2EAC007D16}
	EndGlobalSection
	GlobalSection(ExtensibilityGlobals) = postSolution
		SolutionGuid = {A452E647-8B2A-4D51-9EEB-5E0CF62D5BD3}
	EndGlobalSection
EndGlobal
